
Microsoft Visual Studio Solution File, Format Version 11.00
# Visual Basic Express 2010
Project("{F184B08F-C81C-45F6-A57F-5ABD9991F28F}") = "WindowsApplication1", "WindowsApplication1\WindowsApplication1.vbproj", "{468D9059-0F37-4A7F-84C7-506B330D7E6B}"
EndProject
Global
	GlobalSection(SolutionConfigurationPlatforms) = preSolution
		Debug|x86 = Debug|x86
		Release|x86 = Release|x86
	EndGlobalSection
	GlobalSection(ProjectConfigurationPlatforms) = postSolution
		{468D9059-0F37-4A7F-84C7-506B330D7E6B}.Debug|x86.ActiveCfg = Debug|x86
		{468D9059-0F37-4A7F-84C7-506B330D7E6B}.Debug|x86.Build.0 = Debug|x86
		{468D9059-0F37-4A7F-84C7-506B330D7E6B}.Release|x86.ActiveCfg = Release|x86
		{468D9059-0F37-4A7F-84C7-506B330D7E6B}.Release|x86.Build.0 = Release|x86
	EndGlobalSection
	GlobalSection(SolutionProperties) = preSolution
		HideSolutionNode = FALSE
	EndGlobalSection
EndGlobal
