
Microsoft Visual Studio Solution File, Format Version 11.00
# Visual Basic Express 2010
Project("{F184B08F-C81C-45F6-A57F-5ABD9991F28F}") = "ejerc9", "ejerc9.vbproj", "{B655205E-56FE-4D09-8408-B6F35F88204B}"
EndProject
Global
	GlobalSection(SolutionConfigurationPlatforms) = preSolution
		Debug|x86 = Debug|x86
		Release|x86 = Release|x86
	EndGlobalSection
	GlobalSection(ProjectConfigurationPlatforms) = postSolution
		{B655205E-56FE-4D09-8408-B6F35F88204B}.Debug|x86.ActiveCfg = Debug|x86
		{B655205E-56FE-4D09-8408-B6F35F88204B}.Debug|x86.Build.0 = Debug|x86
		{B655205E-56FE-4D09-8408-B6F35F88204B}.Release|x86.ActiveCfg = Release|x86
		{B655205E-56FE-4D09-8408-B6F35F88204B}.Release|x86.Build.0 = Release|x86
	EndGlobalSection
	GlobalSection(SolutionProperties) = preSolution
		HideSolutionNode = FALSE
	EndGlobalSection
EndGlobal
