
Microsoft Visual Studio Solution File, Format Version 11.00
# Visual Basic Express 2010
Project("{F184B08F-C81C-45F6-A57F-5ABD9991F28F}") = "ejerc12", "ejerc12\ejerc12.vbproj", "{6E9FF65E-4F4D-4C80-961E-AB835765CD27}"
EndProject
Global
	GlobalSection(SolutionConfigurationPlatforms) = preSolution
		Debug|x86 = Debug|x86
		Release|x86 = Release|x86
	EndGlobalSection
	GlobalSection(ProjectConfigurationPlatforms) = postSolution
		{6E9FF65E-4F4D-4C80-961E-AB835765CD27}.Debug|x86.ActiveCfg = Debug|x86
		{6E9FF65E-4F4D-4C80-961E-AB835765CD27}.Debug|x86.Build.0 = Debug|x86
		{6E9FF65E-4F4D-4C80-961E-AB835765CD27}.Release|x86.ActiveCfg = Release|x86
		{6E9FF65E-4F4D-4C80-961E-AB835765CD27}.Release|x86.Build.0 = Release|x86
	EndGlobalSection
	GlobalSection(SolutionProperties) = preSolution
		HideSolutionNode = FALSE
	EndGlobalSection
EndGlobal
